
Microsoft Visual Studio Solution File, Format Version 12.00
# Visual Studio Version 17
VisualStudioVersion = 17.7.34018.315
MinimumVisualStudioVersion = 10.0.40219.1
Project("{FAE04EC0-301F-11D3-BF4B-00C04F79EFBC}") = "ActHeritagePooLouis_ExEntreprise", "ActHeritagePooLouis_ExEntreprise.csproj", "{D45F65D8-30DE-4809-AE8B-00EC843F9316}"
EndProject
Global
	GlobalSection(SolutionConfigurationPlatforms) = preSolution
		Debug|Any CPU = Debug|Any CPU
		Release|Any CPU = Release|Any CPU
	EndGlobalSection
	GlobalSection(ProjectConfigurationPlatforms) = postSolution
		{D45F65D8-30DE-4809-AE8B-00EC843F9316}.Debug|Any CPU.ActiveCfg = Debug|Any CPU
		{D45F65D8-30DE-4809-AE8B-00EC843F9316}.Debug|Any CPU.Build.0 = Debug|Any CPU
		{D45F65D8-30DE-4809-AE8B-00EC843F9316}.Release|Any CPU.ActiveCfg = Release|Any CPU
		{D45F65D8-30DE-4809-AE8B-00EC843F9316}.Release|Any CPU.Build.0 = Release|Any CPU
	EndGlobalSection
	GlobalSection(SolutionProperties) = preSolution
		HideSolutionNode = FALSE
	EndGlobalSection
	GlobalSection(ExtensibilityGlobals) = postSolution
		SolutionGuid = {E1235D91-5975-4DC9-8E68-6DFB725E637B}
	EndGlobalSection
EndGlobal
