
Microsoft Visual Studio Solution File, Format Version 12.00
# Visual Studio Version 17
VisualStudioVersion = 17.7.34024.191
MinimumVisualStudioVersion = 10.0.40219.1
Project("{FAE04EC0-301F-11D3-BF4B-00C04F79EFBC}") = "MatchingGame_LouisFrancken", "MatchingGame_LouisFrancken.csproj", "{C753A8CB-EC6C-498E-872F-DD2EACB3BB77}"
EndProject
Global
	GlobalSection(SolutionConfigurationPlatforms) = preSolution
		Debug|Any CPU = Debug|Any CPU
		Release|Any CPU = Release|Any CPU
	EndGlobalSection
	GlobalSection(ProjectConfigurationPlatforms) = postSolution
		{C753A8CB-EC6C-498E-872F-DD2EACB3BB77}.Debug|Any CPU.ActiveCfg = Debug|Any CPU
		{C753A8CB-EC6C-498E-872F-DD2EACB3BB77}.Debug|Any CPU.Build.0 = Debug|Any CPU
		{C753A8CB-EC6C-498E-872F-DD2EACB3BB77}.Release|Any CPU.ActiveCfg = Release|Any CPU
		{C753A8CB-EC6C-498E-872F-DD2EACB3BB77}.Release|Any CPU.Build.0 = Release|Any CPU
	EndGlobalSection
	GlobalSection(SolutionProperties) = preSolution
		HideSolutionNode = FALSE
	EndGlobalSection
	GlobalSection(ExtensibilityGlobals) = postSolution
		SolutionGuid = {6E8C1FC7-A3BC-449C-8C67-74E3482187FC}
	EndGlobalSection
EndGlobal
