
Microsoft Visual Studio Solution File, Format Version 12.00
# Visual Studio Version 17
VisualStudioVersion = 17.7.34018.315
MinimumVisualStudioVersion = 10.0.40219.1
Project("{FAE04EC0-301F-11D3-BF4B-00C04F79EFBC}") = "Act0XAMLLouis_Ex1", "Act0XAMLLouis_Ex1.csproj", "{C2088B0A-D651-4B65-B6CF-50F9CE9E0EE1}"
EndProject
Global
	GlobalSection(SolutionConfigurationPlatforms) = preSolution
		Debug|Any CPU = Debug|Any CPU
		Release|Any CPU = Release|Any CPU
	EndGlobalSection
	GlobalSection(ProjectConfigurationPlatforms) = postSolution
		{C2088B0A-D651-4B65-B6CF-50F9CE9E0EE1}.Debug|Any CPU.ActiveCfg = Debug|Any CPU
		{C2088B0A-D651-4B65-B6CF-50F9CE9E0EE1}.Debug|Any CPU.Build.0 = Debug|Any CPU
		{C2088B0A-D651-4B65-B6CF-50F9CE9E0EE1}.Release|Any CPU.ActiveCfg = Release|Any CPU
		{C2088B0A-D651-4B65-B6CF-50F9CE9E0EE1}.Release|Any CPU.Build.0 = Release|Any CPU
	EndGlobalSection
	GlobalSection(SolutionProperties) = preSolution
		HideSolutionNode = FALSE
	EndGlobalSection
	GlobalSection(ExtensibilityGlobals) = postSolution
		SolutionGuid = {F2297697-A62A-454D-918A-4246A6C274EF}
	EndGlobalSection
EndGlobal
