
Microsoft Visual Studio Solution File, Format Version 12.00
# Visual Studio Version 17
VisualStudioVersion = 17.7.34018.315
MinimumVisualStudioVersion = 10.0.40219.1
Project("{FAE04EC0-301F-11D3-BF4B-00C04F79EFBC}") = "ActHeritagePooLouis_ExForme", "ActHeritagePooLouis_ExForme.csproj", "{FFE8B3D4-030E-43E4-9358-0AD705AD7FD6}"
EndProject
Global
	GlobalSection(SolutionConfigurationPlatforms) = preSolution
		Debug|Any CPU = Debug|Any CPU
		Release|Any CPU = Release|Any CPU
	EndGlobalSection
	GlobalSection(ProjectConfigurationPlatforms) = postSolution
		{FFE8B3D4-030E-43E4-9358-0AD705AD7FD6}.Debug|Any CPU.ActiveCfg = Debug|Any CPU
		{FFE8B3D4-030E-43E4-9358-0AD705AD7FD6}.Debug|Any CPU.Build.0 = Debug|Any CPU
		{FFE8B3D4-030E-43E4-9358-0AD705AD7FD6}.Release|Any CPU.ActiveCfg = Release|Any CPU
		{FFE8B3D4-030E-43E4-9358-0AD705AD7FD6}.Release|Any CPU.Build.0 = Release|Any CPU
	EndGlobalSection
	GlobalSection(SolutionProperties) = preSolution
		HideSolutionNode = FALSE
	EndGlobalSection
	GlobalSection(ExtensibilityGlobals) = postSolution
		SolutionGuid = {416FE5F2-D969-4620-B272-663C9D397143}
	EndGlobalSection
EndGlobal
