
Microsoft Visual Studio Solution File, Format Version 12.00
# Visual Studio Version 17
VisualStudioVersion = 17.7.34018.315
MinimumVisualStudioVersion = 10.0.40219.1
Project("{FAE04EC0-301F-11D3-BF4B-00C04F79EFBC}") = "ActHeritagePooLouis_Ex", "ActHeritagePooLouis_Ex.csproj", "{F7311349-A79B-409F-A99A-B77EED0FB445}"
EndProject
Global
	GlobalSection(SolutionConfigurationPlatforms) = preSolution
		Debug|Any CPU = Debug|Any CPU
		Release|Any CPU = Release|Any CPU
	EndGlobalSection
	GlobalSection(ProjectConfigurationPlatforms) = postSolution
		{F7311349-A79B-409F-A99A-B77EED0FB445}.Debug|Any CPU.ActiveCfg = Debug|Any CPU
		{F7311349-A79B-409F-A99A-B77EED0FB445}.Debug|Any CPU.Build.0 = Debug|Any CPU
		{F7311349-A79B-409F-A99A-B77EED0FB445}.Release|Any CPU.ActiveCfg = Release|Any CPU
		{F7311349-A79B-409F-A99A-B77EED0FB445}.Release|Any CPU.Build.0 = Release|Any CPU
	EndGlobalSection
	GlobalSection(SolutionProperties) = preSolution
		HideSolutionNode = FALSE
	EndGlobalSection
	GlobalSection(ExtensibilityGlobals) = postSolution
		SolutionGuid = {ED6365BB-AD15-4DFA-B4FC-6BED59F37996}
	EndGlobalSection
EndGlobal
