
Microsoft Visual Studio Solution File, Format Version 12.00
# Visual Studio Version 17
VisualStudioVersion = 17.8.34316.72
MinimumVisualStudioVersion = 10.0.40219.1
Project("{FAE04EC0-301F-11D3-BF4B-00C04F79EFBC}") = "Act4a_DynamiqueDamierLouis", "Act4a_DynamiqueDamierLouis.csproj", "{61E69FE7-AC15-4881-AFF0-A6AA3230B374}"
EndProject
Global
	GlobalSection(SolutionConfigurationPlatforms) = preSolution
		Debug|Any CPU = Debug|Any CPU
		Release|Any CPU = Release|Any CPU
	EndGlobalSection
	GlobalSection(ProjectConfigurationPlatforms) = postSolution
		{61E69FE7-AC15-4881-AFF0-A6AA3230B374}.Debug|Any CPU.ActiveCfg = Debug|Any CPU
		{61E69FE7-AC15-4881-AFF0-A6AA3230B374}.Debug|Any CPU.Build.0 = Debug|Any CPU
		{61E69FE7-AC15-4881-AFF0-A6AA3230B374}.Release|Any CPU.ActiveCfg = Release|Any CPU
		{61E69FE7-AC15-4881-AFF0-A6AA3230B374}.Release|Any CPU.Build.0 = Release|Any CPU
	EndGlobalSection
	GlobalSection(SolutionProperties) = preSolution
		HideSolutionNode = FALSE
	EndGlobalSection
	GlobalSection(ExtensibilityGlobals) = postSolution
		SolutionGuid = {51424B82-53A9-4081-B762-152E8C2AECE8}
	EndGlobalSection
EndGlobal
