
Microsoft Visual Studio Solution File, Format Version 12.00
# Visual Studio Version 17
VisualStudioVersion = 17.8.34316.72
MinimumVisualStudioVersion = 10.0.40219.1
Project("{FAE04EC0-301F-11D3-BF4B-00C04F79EFBC}") = "Act4C_DynamiqueDamierLouis", "Act4C_DynamiqueDamierLouis.csproj", "{D2A82E49-0A7E-492D-A8E6-72F76C551152}"
EndProject
Global
	GlobalSection(SolutionConfigurationPlatforms) = preSolution
		Debug|Any CPU = Debug|Any CPU
		Release|Any CPU = Release|Any CPU
	EndGlobalSection
	GlobalSection(ProjectConfigurationPlatforms) = postSolution
		{D2A82E49-0A7E-492D-A8E6-72F76C551152}.Debug|Any CPU.ActiveCfg = Debug|Any CPU
		{D2A82E49-0A7E-492D-A8E6-72F76C551152}.Debug|Any CPU.Build.0 = Debug|Any CPU
		{D2A82E49-0A7E-492D-A8E6-72F76C551152}.Release|Any CPU.ActiveCfg = Release|Any CPU
		{D2A82E49-0A7E-492D-A8E6-72F76C551152}.Release|Any CPU.Build.0 = Release|Any CPU
	EndGlobalSection
	GlobalSection(SolutionProperties) = preSolution
		HideSolutionNode = FALSE
	EndGlobalSection
	GlobalSection(ExtensibilityGlobals) = postSolution
		SolutionGuid = {D3953358-FD0A-47A8-A045-7A3B17170C9F}
	EndGlobalSection
EndGlobal
